
Microsoft Visual Studio Solution File, Format Version 12.00
# Visual Studio Version 17
VisualStudioVersion = 17.9.34728.123
MinimumVisualStudioVersion = 10.0.40219.1
Project("{FAE04EC0-301F-11D3-BF4B-00C04F79EFBC}") = "MVCSemana10B", "MVCSemana10B\MVCSemana10B.csproj", "{4E2CADA9-E8A7-49D5-A840-B142A8745157}"
EndProject
Global
	GlobalSection(SolutionConfigurationPlatforms) = preSolution
		Debug|Any CPU = Debug|Any CPU
		Release|Any CPU = Release|Any CPU
	EndGlobalSection
	GlobalSection(ProjectConfigurationPlatforms) = postSolution
		{4E2CADA9-E8A7-49D5-A840-B142A8745157}.Debug|Any CPU.ActiveCfg = Debug|Any CPU
		{4E2CADA9-E8A7-49D5-A840-B142A8745157}.Debug|Any CPU.Build.0 = Debug|Any CPU
		{4E2CADA9-E8A7-49D5-A840-B142A8745157}.Release|Any CPU.ActiveCfg = Release|Any CPU
		{4E2CADA9-E8A7-49D5-A840-B142A8745157}.Release|Any CPU.Build.0 = Release|Any CPU
	EndGlobalSection
	GlobalSection(SolutionProperties) = preSolution
		HideSolutionNode = FALSE
	EndGlobalSection
	GlobalSection(ExtensibilityGlobals) = postSolution
		SolutionGuid = {38B5A80F-CA44-4820-81F9-925346A38B24}
	EndGlobalSection
EndGlobal
